
Microsoft Visual Studio Solution File, Format Version 12.00
# Visual Studio Version 17
VisualStudioVersion = 17.0.31903.59
MinimumVisualStudioVersion = 10.0.40219.1
Project("{2150E333-8FDC-42A3-9474-1A3956D46DE8}") = "src", "src", "{827E0CD3-B72D-47B6-A68D-7590B98EB39B}"
EndProject
Project("{FAE04EC0-301F-11D3-BF4B-00C04F79EFBC}") = "SuperChat.Web", "src\SuperChat.Web\SuperChat.Web.csproj", "{96CC6E8F-D8AB-48FA-8006-2A53B9278C88}"
EndProject
Project("{FAE04EC0-301F-11D3-BF4B-00C04F79EFBC}") = "SuperChat.Domain", "src\SuperChat.Domain\SuperChat.Domain.csproj", "{BBECF7AF-B3F8-4D6B-AB4F-18578DD92B3F}"
EndProject
Project("{FAE04EC0-301F-11D3-BF4B-00C04F79EFBC}") = "SuperChat.Infrastructure", "src\SuperChat.Infrastructure\SuperChat.Infrastructure.csproj", "{30D49FCB-F647-42D0-A725-5AB3A32CFF8C}"
EndProject
Project("{FAE04EC0-301F-11D3-BF4B-00C04F79EFBC}") = "SuperChat.Contracts", "src\SuperChat.Contracts\SuperChat.Contracts.csproj", "{5AC52034-214A-437F-8490-C9E8D3BF8C28}"
EndProject
Project("{2150E333-8FDC-42A3-9474-1A3956D46DE8}") = "tests", "tests", "{0AB3BF05-4346-4AA6-1389-037BE0695223}"
EndProject
Project("{FAE04EC0-301F-11D3-BF4B-00C04F79EFBC}") = "SuperChat.Web.Tests", "tests\SuperChat.Web.Tests\SuperChat.Web.Tests.csproj", "{420FA183-B7E5-4824-83E1-15167B227C06}"
EndProject
Project("{FAE04EC0-301F-11D3-BF4B-00C04F79EFBC}") = "SuperChat.Tests", "tests\SuperChat.Tests\SuperChat.Tests.csproj", "{AFC8FEA7-4485-47B8-8163-F3E9312EF3C1}"
EndProject
Project("{FAE04EC0-301F-11D3-BF4B-00C04F79EFBC}") = "SuperChat.Api", "src\SuperChat.Api\SuperChat.Api.csproj", "{82F92C29-550C-498F-B5D5-17A8D892B80D}"
EndProject
Project("{FAE04EC0-301F-11D3-BF4B-00C04F79EFBC}") = "SuperChat.Api.Tests", "tests\SuperChat.Api.Tests\SuperChat.Api.Tests.csproj", "{8DE9DE43-7CBD-4E80-8118-792644C654CF}"
EndProject
Project("{FAE04EC0-301F-11D3-BF4B-00C04F79EFBC}") = "SuperChat.DbMigrator", "src\SuperChat.DbMigrator\SuperChat.DbMigrator.csproj", "{9EDFBADD-9906-49CC-AF68-EF89B9E44AE5}"
EndProject
Global
	GlobalSection(SolutionConfigurationPlatforms) = preSolution
		Debug|Any CPU = Debug|Any CPU
		Debug|x64 = Debug|x64
		Debug|x86 = Debug|x86
		Release|Any CPU = Release|Any CPU
		Release|x64 = Release|x64
		Release|x86 = Release|x86
	EndGlobalSection
	GlobalSection(ProjectConfigurationPlatforms) = postSolution
		{96CC6E8F-D8AB-48FA-8006-2A53B9278C88}.Debug|Any CPU.ActiveCfg = Debug|Any CPU
		{96CC6E8F-D8AB-48FA-8006-2A53B9278C88}.Debug|Any CPU.Build.0 = Debug|Any CPU
		{96CC6E8F-D8AB-48FA-8006-2A53B9278C88}.Debug|x64.ActiveCfg = Debug|Any CPU
		{96CC6E8F-D8AB-48FA-8006-2A53B9278C88}.Debug|x64.Build.0 = Debug|Any CPU
		{96CC6E8F-D8AB-48FA-8006-2A53B9278C88}.Debug|x86.ActiveCfg = Debug|Any CPU
		{96CC6E8F-D8AB-48FA-8006-2A53B9278C88}.Debug|x86.Build.0 = Debug|Any CPU
		{96CC6E8F-D8AB-48FA-8006-2A53B9278C88}.Release|Any CPU.ActiveCfg = Release|Any CPU
		{96CC6E8F-D8AB-48FA-8006-2A53B9278C88}.Release|Any CPU.Build.0 = Release|Any CPU
		{96CC6E8F-D8AB-48FA-8006-2A53B9278C88}.Release|x64.ActiveCfg = Release|Any CPU
		{96CC6E8F-D8AB-48FA-8006-2A53B9278C88}.Release|x64.Build.0 = Release|Any CPU
		{96CC6E8F-D8AB-48FA-8006-2A53B9278C88}.Release|x86.ActiveCfg = Release|Any CPU
		{96CC6E8F-D8AB-48FA-8006-2A53B9278C88}.Release|x86.Build.0 = Release|Any CPU
		{BBECF7AF-B3F8-4D6B-AB4F-18578DD92B3F}.Debug|Any CPU.ActiveCfg = Debug|Any CPU
		{BBECF7AF-B3F8-4D6B-AB4F-18578DD92B3F}.Debug|Any CPU.Build.0 = Debug|Any CPU
		{BBECF7AF-B3F8-4D6B-AB4F-18578DD92B3F}.Debug|x64.ActiveCfg = Debug|Any CPU
		{BBECF7AF-B3F8-4D6B-AB4F-18578DD92B3F}.Debug|x64.Build.0 = Debug|Any CPU
		{BBECF7AF-B3F8-4D6B-AB4F-18578DD92B3F}.Debug|x86.ActiveCfg = Debug|Any CPU
		{BBECF7AF-B3F8-4D6B-AB4F-18578DD92B3F}.Debug|x86.Build.0 = Debug|Any CPU
		{BBECF7AF-B3F8-4D6B-AB4F-18578DD92B3F}.Release|Any CPU.ActiveCfg = Release|Any CPU
		{BBECF7AF-B3F8-4D6B-AB4F-18578DD92B3F}.Release|Any CPU.Build.0 = Release|Any CPU
		{BBECF7AF-B3F8-4D6B-AB4F-18578DD92B3F}.Release|x64.ActiveCfg = Release|Any CPU
		{BBECF7AF-B3F8-4D6B-AB4F-18578DD92B3F}.Release|x64.Build.0 = Release|Any CPU
		{BBECF7AF-B3F8-4D6B-AB4F-18578DD92B3F}.Release|x86.ActiveCfg = Release|Any CPU
		{BBECF7AF-B3F8-4D6B-AB4F-18578DD92B3F}.Release|x86.Build.0 = Release|Any CPU
		{30D49FCB-F647-42D0-A725-5AB3A32CFF8C}.Debug|Any CPU.ActiveCfg = Debug|Any CPU
		{30D49FCB-F647-42D0-A725-5AB3A32CFF8C}.Debug|Any CPU.Build.0 = Debug|Any CPU
		{30D49FCB-F647-42D0-A725-5AB3A32CFF8C}.Debug|x64.ActiveCfg = Debug|Any CPU
		{30D49FCB-F647-42D0-A725-5AB3A32CFF8C}.Debug|x64.Build.0 = Debug|Any CPU
		{30D49FCB-F647-42D0-A725-5AB3A32CFF8C}.Debug|x86.ActiveCfg = Debug|Any CPU
		{30D49FCB-F647-42D0-A725-5AB3A32CFF8C}.Debug|x86.Build.0 = Debug|Any CPU
		{30D49FCB-F647-42D0-A725-5AB3A32CFF8C}.Release|Any CPU.ActiveCfg = Release|Any CPU
		{30D49FCB-F647-42D0-A725-5AB3A32CFF8C}.Release|Any CPU.Build.0 = Release|Any CPU
		{30D49FCB-F647-42D0-A725-5AB3A32CFF8C}.Release|x64.ActiveCfg = Release|Any CPU
		{30D49FCB-F647-42D0-A725-5AB3A32CFF8C}.Release|x64.Build.0 = Release|Any CPU
		{30D49FCB-F647-42D0-A725-5AB3A32CFF8C}.Release|x86.ActiveCfg = Release|Any CPU
		{30D49FCB-F647-42D0-A725-5AB3A32CFF8C}.Release|x86.Build.0 = Release|Any CPU
		{5AC52034-214A-437F-8490-C9E8D3BF8C28}.Debug|Any CPU.ActiveCfg = Debug|Any CPU
		{5AC52034-214A-437F-8490-C9E8D3BF8C28}.Debug|Any CPU.Build.0 = Debug|Any CPU
		{5AC52034-214A-437F-8490-C9E8D3BF8C28}.Debug|x64.ActiveCfg = Debug|Any CPU
		{5AC52034-214A-437F-8490-C9E8D3BF8C28}.Debug|x64.Build.0 = Debug|Any CPU
		{5AC52034-214A-437F-8490-C9E8D3BF8C28}.Debug|x86.ActiveCfg = Debug|Any CPU
		{5AC52034-214A-437F-8490-C9E8D3BF8C28}.Debug|x86.Build.0 = Debug|Any CPU
		{5AC52034-214A-437F-8490-C9E8D3BF8C28}.Release|Any CPU.ActiveCfg = Release|Any CPU
		{5AC52034-214A-437F-8490-C9E8D3BF8C28}.Release|Any CPU.Build.0 = Release|Any CPU
		{5AC52034-214A-437F-8490-C9E8D3BF8C28}.Release|x64.ActiveCfg = Release|Any CPU
		{5AC52034-214A-437F-8490-C9E8D3BF8C28}.Release|x64.Build.0 = Release|Any CPU
		{5AC52034-214A-437F-8490-C9E8D3BF8C28}.Release|x86.ActiveCfg = Release|Any CPU
		{5AC52034-214A-437F-8490-C9E8D3BF8C28}.Release|x86.Build.0 = Release|Any CPU
		{420FA183-B7E5-4824-83E1-15167B227C06}.Debug|Any CPU.ActiveCfg = Debug|Any CPU
		{420FA183-B7E5-4824-83E1-15167B227C06}.Debug|Any CPU.Build.0 = Debug|Any CPU
		{420FA183-B7E5-4824-83E1-15167B227C06}.Debug|x64.ActiveCfg = Debug|Any CPU
		{420FA183-B7E5-4824-83E1-15167B227C06}.Debug|x64.Build.0 = Debug|Any CPU
		{420FA183-B7E5-4824-83E1-15167B227C06}.Debug|x86.ActiveCfg = Debug|Any CPU
		{420FA183-B7E5-4824-83E1-15167B227C06}.Debug|x86.Build.0 = Debug|Any CPU
		{420FA183-B7E5-4824-83E1-15167B227C06}.Release|Any CPU.ActiveCfg = Release|Any CPU
		{420FA183-B7E5-4824-83E1-15167B227C06}.Release|Any CPU.Build.0 = Release|Any CPU
		{420FA183-B7E5-4824-83E1-15167B227C06}.Release|x64.ActiveCfg = Release|Any CPU
		{420FA183-B7E5-4824-83E1-15167B227C06}.Release|x64.Build.0 = Release|Any CPU
		{420FA183-B7E5-4824-83E1-15167B227C06}.Release|x86.ActiveCfg = Release|Any CPU
		{420FA183-B7E5-4824-83E1-15167B227C06}.Release|x86.Build.0 = Release|Any CPU
		{AFC8FEA7-4485-47B8-8163-F3E9312EF3C1}.Debug|Any CPU.ActiveCfg = Debug|Any CPU
		{AFC8FEA7-4485-47B8-8163-F3E9312EF3C1}.Debug|Any CPU.Build.0 = Debug|Any CPU
		{AFC8FEA7-4485-47B8-8163-F3E9312EF3C1}.Debug|x64.ActiveCfg = Debug|Any CPU
		{AFC8FEA7-4485-47B8-8163-F3E9312EF3C1}.Debug|x64.Build.0 = Debug|Any CPU
		{AFC8FEA7-4485-47B8-8163-F3E9312EF3C1}.Debug|x86.ActiveCfg = Debug|Any CPU
		{AFC8FEA7-4485-47B8-8163-F3E9312EF3C1}.Debug|x86.Build.0 = Debug|Any CPU
		{AFC8FEA7-4485-47B8-8163-F3E9312EF3C1}.Release|Any CPU.ActiveCfg = Release|Any CPU
		{AFC8FEA7-4485-47B8-8163-F3E9312EF3C1}.Release|Any CPU.Build.0 = Release|Any CPU
		{AFC8FEA7-4485-47B8-8163-F3E9312EF3C1}.Release|x64.ActiveCfg = Release|Any CPU
		{AFC8FEA7-4485-47B8-8163-F3E9312EF3C1}.Release|x64.Build.0 = Release|Any CPU
		{AFC8FEA7-4485-47B8-8163-F3E9312EF3C1}.Release|x86.ActiveCfg = Release|Any CPU
		{AFC8FEA7-4485-47B8-8163-F3E9312EF3C1}.Release|x86.Build.0 = Release|Any CPU
		{82F92C29-550C-498F-B5D5-17A8D892B80D}.Debug|Any CPU.ActiveCfg = Debug|Any CPU
		{82F92C29-550C-498F-B5D5-17A8D892B80D}.Debug|Any CPU.Build.0 = Debug|Any CPU
		{82F92C29-550C-498F-B5D5-17A8D892B80D}.Debug|x64.ActiveCfg = Debug|Any CPU
		{82F92C29-550C-498F-B5D5-17A8D892B80D}.Debug|x64.Build.0 = Debug|Any CPU
		{82F92C29-550C-498F-B5D5-17A8D892B80D}.Debug|x86.ActiveCfg = Debug|Any CPU
		{82F92C29-550C-498F-B5D5-17A8D892B80D}.Debug|x86.Build.0 = Debug|Any CPU
		{82F92C29-550C-498F-B5D5-17A8D892B80D}.Release|Any CPU.ActiveCfg = Release|Any CPU
		{82F92C29-550C-498F-B5D5-17A8D892B80D}.Release|Any CPU.Build.0 = Release|Any CPU
		{82F92C29-550C-498F-B5D5-17A8D892B80D}.Release|x64.ActiveCfg = Release|Any CPU
		{82F92C29-550C-498F-B5D5-17A8D892B80D}.Release|x64.Build.0 = Release|Any CPU
		{82F92C29-550C-498F-B5D5-17A8D892B80D}.Release|x86.ActiveCfg = Release|Any CPU
		{82F92C29-550C-498F-B5D5-17A8D892B80D}.Release|x86.Build.0 = Release|Any CPU
		{8DE9DE43-7CBD-4E80-8118-792644C654CF}.Debug|Any CPU.ActiveCfg = Debug|Any CPU
		{8DE9DE43-7CBD-4E80-8118-792644C654CF}.Debug|Any CPU.Build.0 = Debug|Any CPU
		{8DE9DE43-7CBD-4E80-8118-792644C654CF}.Debug|x64.ActiveCfg = Debug|Any CPU
		{8DE9DE43-7CBD-4E80-8118-792644C654CF}.Debug|x64.Build.0 = Debug|Any CPU
		{8DE9DE43-7CBD-4E80-8118-792644C654CF}.Debug|x86.ActiveCfg = Debug|Any CPU
		{8DE9DE43-7CBD-4E80-8118-792644C654CF}.Debug|x86.Build.0 = Debug|Any CPU
		{8DE9DE43-7CBD-4E80-8118-792644C654CF}.Release|Any CPU.ActiveCfg = Release|Any CPU
		{8DE9DE43-7CBD-4E80-8118-792644C654CF}.Release|Any CPU.Build.0 = Release|Any CPU
		{8DE9DE43-7CBD-4E80-8118-792644C654CF}.Release|x64.ActiveCfg = Release|Any CPU
		{8DE9DE43-7CBD-4E80-8118-792644C654CF}.Release|x64.Build.0 = Release|Any CPU
		{8DE9DE43-7CBD-4E80-8118-792644C654CF}.Release|x86.ActiveCfg = Release|Any CPU
		{8DE9DE43-7CBD-4E80-8118-792644C654CF}.Release|x86.Build.0 = Release|Any CPU
		{9EDFBADD-9906-49CC-AF68-EF89B9E44AE5}.Debug|Any CPU.ActiveCfg = Debug|Any CPU
		{9EDFBADD-9906-49CC-AF68-EF89B9E44AE5}.Debug|Any CPU.Build.0 = Debug|Any CPU
		{9EDFBADD-9906-49CC-AF68-EF89B9E44AE5}.Debug|x64.ActiveCfg = Debug|Any CPU
		{9EDFBADD-9906-49CC-AF68-EF89B9E44AE5}.Debug|x64.Build.0 = Debug|Any CPU
		{9EDFBADD-9906-49CC-AF68-EF89B9E44AE5}.Debug|x86.ActiveCfg = Debug|Any CPU
		{9EDFBADD-9906-49CC-AF68-EF89B9E44AE5}.Debug|x86.Build.0 = Debug|Any CPU
		{9EDFBADD-9906-49CC-AF68-EF89B9E44AE5}.Release|Any CPU.ActiveCfg = Release|Any CPU
		{9EDFBADD-9906-49CC-AF68-EF89B9E44AE5}.Release|Any CPU.Build.0 = Release|Any CPU
		{9EDFBADD-9906-49CC-AF68-EF89B9E44AE5}.Release|x64.ActiveCfg = Release|Any CPU
		{9EDFBADD-9906-49CC-AF68-EF89B9E44AE5}.Release|x64.Build.0 = Release|Any CPU
		{9EDFBADD-9906-49CC-AF68-EF89B9E44AE5}.Release|x86.ActiveCfg = Release|Any CPU
		{9EDFBADD-9906-49CC-AF68-EF89B9E44AE5}.Release|x86.Build.0 = Release|Any CPU
	EndGlobalSection
	GlobalSection(SolutionProperties) = preSolution
		HideSolutionNode = FALSE
	EndGlobalSection
	GlobalSection(NestedProjects) = preSolution
		{96CC6E8F-D8AB-48FA-8006-2A53B9278C88} = {827E0CD3-B72D-47B6-A68D-7590B98EB39B}
		{BBECF7AF-B3F8-4D6B-AB4F-18578DD92B3F} = {827E0CD3-B72D-47B6-A68D-7590B98EB39B}
		{30D49FCB-F647-42D0-A725-5AB3A32CFF8C} = {827E0CD3-B72D-47B6-A68D-7590B98EB39B}
		{5AC52034-214A-437F-8490-C9E8D3BF8C28} = {827E0CD3-B72D-47B6-A68D-7590B98EB39B}
		{420FA183-B7E5-4824-83E1-15167B227C06} = {0AB3BF05-4346-4AA6-1389-037BE0695223}
		{AFC8FEA7-4485-47B8-8163-F3E9312EF3C1} = {0AB3BF05-4346-4AA6-1389-037BE0695223}
		{82F92C29-550C-498F-B5D5-17A8D892B80D} = {827E0CD3-B72D-47B6-A68D-7590B98EB39B}
		{8DE9DE43-7CBD-4E80-8118-792644C654CF} = {0AB3BF05-4346-4AA6-1389-037BE0695223}
		{9EDFBADD-9906-49CC-AF68-EF89B9E44AE5} = {827E0CD3-B72D-47B6-A68D-7590B98EB39B}
	EndGlobalSection
EndGlobal
